
Microsoft Visual Studio Solution File, Format Version 12.00
# Visual Studio Version 17
VisualStudioVersion = 17.5.33516.290
MinimumVisualStudioVersion = 10.0.40219.1
Project("{FAE04EC0-301F-11D3-BF4B-00C04F79EFBC}") = "BotanicTool", "BotanicTool.csproj", "{FD3459F2-A200-45CD-9ED9-0A1E710E23AB}"
EndProject
Global
	GlobalSection(SolutionConfigurationPlatforms) = preSolution
		Debug|Any CPU = Debug|Any CPU
		Release|Any CPU = Release|Any CPU
	EndGlobalSection
	GlobalSection(ProjectConfigurationPlatforms) = postSolution
		{FD3459F2-A200-45CD-9ED9-0A1E710E23AB}.Debug|Any CPU.ActiveCfg = Debug|Any CPU
		{FD3459F2-A200-45CD-9ED9-0A1E710E23AB}.Debug|Any CPU.Build.0 = Debug|Any CPU
		{FD3459F2-A200-45CD-9ED9-0A1E710E23AB}.Release|Any CPU.ActiveCfg = Release|Any CPU
		{FD3459F2-A200-45CD-9ED9-0A1E710E23AB}.Release|Any CPU.Build.0 = Release|Any CPU
	EndGlobalSection
	GlobalSection(SolutionProperties) = preSolution
		HideSolutionNode = FALSE
	EndGlobalSection
	GlobalSection(ExtensibilityGlobals) = postSolution
		SolutionGuid = {5AB3C2F7-6C93-477B-B767-A8C213D70EA4}
	EndGlobalSection
EndGlobal
